# This file is automatically @generated by Cargo.
# It is not intended for manual editing.
version = 4

[[package]]
name = "cp16"
version = "0.1.0"
dependencies = [
 "unifont",
]

[[package]]
name = "cp16-cli"
version = "0.1.0"
dependencies = [
 "cp16",
 "hound",
]

[[package]]
name = "hound"
version = "3.5.1"
source = "registry+https://github.com/rust-lang/crates.io-index"
checksum = "62adaabb884c94955b19907d60019f4e145d091c75345379e70d1ee696f7854f"

[[package]]
name = "unifont"
version = "1.1.0+data-15.1.05"
source = "registry+https://github.com/rust-lang/crates.io-index"
checksum = "8eb5abf597aaa6fff19801d6747672f56e618d60002e7191ea92773a5bcae156"
